// !$*UTF8*$!
{
	archiveVersion = 1;
	classes = {
	};
	objectVersion = 50;
	objects = {

/* Begin PBXBuildFile section */
		6E96F46B25CEB91C009563E6 /* SingleHouseLoadingView.swift in Sources */ = {isa = PBXBuildFile; fileRef = 6E96F46A25CEB91C009563E6 /* SingleHouseLoadingView.swift */; };
		6EFD046625B62A7A0049D482 /* FounderSection.swift in Sources */ = {isa = PBXBuildFile; fileRef = 6EFD046525B62A7A0049D482 /* FounderSection.swift */; };
		6EFD046B25B62AE40049D482 /* FoundedSection.swift in Sources */ = {isa = PBXBuildFile; fileRef = 6EFD046A25B62AE40049D482 /* FoundedSection.swift */; };
		6EFD047025B62B1A0049D482 /* OverlordHouseSection.swift in Sources */ = {isa = PBXBuildFile; fileRef = 6EFD046F25B62B1A0049D482 /* OverlordHouseSection.swift */; };
		6EFD047525B62B5B0049D482 /* CurrentLordSection.swift in Sources */ = {isa = PBXBuildFile; fileRef = 6EFD047425B62B5B0049D482 /* CurrentLordSection.swift */; };
		6EFD047A25B62B910049D482 /* SeatsSection.swift in Sources */ = {isa = PBXBuildFile; fileRef = 6EFD047925B62B910049D482 /* SeatsSection.swift */; };
		6EFD047F25B62BC90049D482 /* TitlesSection.swift in Sources */ = {isa = PBXBuildFile; fileRef = 6EFD047E25B62BC90049D482 /* TitlesSection.swift */; };
		6EFD048425B62BF30049D482 /* HouseMottoSection.swift in Sources */ = {isa = PBXBuildFile; fileRef = 6EFD048325B62BF30049D482 /* HouseMottoSection.swift */; };
		6EFD048925B62C2B0049D482 /* CoatOfArmsSection.swift in Sources */ = {isa = PBXBuildFile; fileRef = 6EFD048825B62C2B0049D482 /* CoatOfArmsSection.swift */; };
		6EFD048F25B62C780049D482 /* HouseNameAndTitle.swift in Sources */ = {isa = PBXBuildFile; fileRef = 6EFD048E25B62C780049D482 /* HouseNameAndTitle.swift */; };
		6EFD04A925B650890049D482 /* CharacterView.swift in Sources */ = {isa = PBXBuildFile; fileRef = 6EFD04A825B650890049D482 /* CharacterView.swift */; };
		6EFD04B325B654570049D482 /* CurrentHeirSection.swift in Sources */ = {isa = PBXBuildFile; fileRef = 6EFD04B225B654570049D482 /* CurrentHeirSection.swift */; };
		6EFD04BB25B662000049D482 /* HouseUpdated.swift in Sources */ = {isa = PBXBuildFile; fileRef = 6EFD04BA25B662000049D482 /* HouseUpdated.swift */; };
		CC123D8A25BED47D0068E99E /* StringExtensionTests.swift in Sources */ = {isa = PBXBuildFile; fileRef = CC123D8925BED47D0068E99E /* StringExtensionTests.swift */; };
		CC356BFC25B864D500123558 /* SingleHouseViewModel.swift in Sources */ = {isa = PBXBuildFile; fileRef = CC356BFB25B864D500123558 /* SingleHouseViewModel.swift */; };
		CC356C2925B8735600123558 /* ButtonStyle.swift in Sources */ = {isa = PBXBuildFile; fileRef = CC356C2825B8735600123558 /* ButtonStyle.swift */; };
		CC5FE37625B59CE400DC76DC /* AppDelegate.swift in Sources */ = {isa = PBXBuildFile; fileRef = CC5FE37525B59CE400DC76DC /* AppDelegate.swift */; };
		CC5FE37825B59CE400DC76DC /* SceneDelegate.swift in Sources */ = {isa = PBXBuildFile; fileRef = CC5FE37725B59CE400DC76DC /* SceneDelegate.swift */; };
		CC5FE37A25B59CE400DC76DC /* AllHousesView.swift in Sources */ = {isa = PBXBuildFile; fileRef = CC5FE37925B59CE400DC76DC /* AllHousesView.swift */; };
		CC5FE37C25B59CE800DC76DC /* Assets.xcassets in Resources */ = {isa = PBXBuildFile; fileRef = CC5FE37B25B59CE800DC76DC /* Assets.xcassets */; };
		CC5FE37F25B59CE800DC76DC /* Preview Assets.xcassets in Resources */ = {isa = PBXBuildFile; fileRef = CC5FE37E25B59CE800DC76DC /* Preview Assets.xcassets */; };
		CC5FE38225B59CE800DC76DC /* LaunchScreen.storyboard in Resources */ = {isa = PBXBuildFile; fileRef = CC5FE38025B59CE800DC76DC /* LaunchScreen.storyboard */; };
		CC5FE38D25B59CE800DC76DC /* HouseBasicTests.swift in Sources */ = {isa = PBXBuildFile; fileRef = CC5FE38C25B59CE800DC76DC /* HouseBasicTests.swift */; };
		CC5FE39825B59CE800DC76DC /* GotTestUITests.swift in Sources */ = {isa = PBXBuildFile; fileRef = CC5FE39725B59CE800DC76DC /* GotTestUITests.swift */; };
		CC5FE3A925B59D0E00DC76DC /* Api.swift in Sources */ = {isa = PBXBuildFile; fileRef = CC5FE3A825B59D0E00DC76DC /* Api.swift */; };
		CC5FE3B625B5A14700DC76DC /* SingleHouseView.swift in Sources */ = {isa = PBXBuildFile; fileRef = CC5FE3B525B5A14700DC76DC /* SingleHouseView.swift */; };
		CC5FE3C125B5A94A00DC76DC /* HouseBasic.swift in Sources */ = {isa = PBXBuildFile; fileRef = CC5FE3C025B5A94A00DC76DC /* HouseBasic.swift */; };
		CC5FE3C625B5A97900DC76DC /* MockClasses.swift in Sources */ = {isa = PBXBuildFile; fileRef = CC5FE3C525B5A97900DC76DC /* MockClasses.swift */; };
		CC76B35425B5B53200AD405E /* AllHousesViewModel.swift in Sources */ = {isa = PBXBuildFile; fileRef = CC76B35325B5B53200AD405E /* AllHousesViewModel.swift */; };
		CC76B35C25B5B65F00AD405E /* SearchSpinnerView.swift in Sources */ = {isa = PBXBuildFile; fileRef = CC76B35B25B5B65F00AD405E /* SearchSpinnerView.swift */; };
		CC76B36125B5B6D500AD405E /* String-Extension.swift in Sources */ = {isa = PBXBuildFile; fileRef = CC76B36025B5B6D500AD405E /* String-Extension.swift */; };
		CC76B3BE25B5C9A800AD405E /* Character.swift in Sources */ = {isa = PBXBuildFile; fileRef = CC76B3BD25B5C9A800AD405E /* Character.swift */; };
		CC76B3D325B5CF7F00AD405E /* SwornMembersSection.swift in Sources */ = {isa = PBXBuildFile; fileRef = CC76B3D225B5CF7F00AD405E /* SwornMembersSection.swift */; };
		CC76B3DF25B5D12F00AD405E /* CadetBranchesSection.swift in Sources */ = {isa = PBXBuildFile; fileRef = CC76B3DE25B5D12F00AD405E /* CadetBranchesSection.swift */; };
		CC76B3E425B5D16E00AD405E /* AncestralWeaponsSection.swift in Sources */ = {isa = PBXBuildFile; fileRef = CC76B3E325B5D16E00AD405E /* AncestralWeaponsSection.swift */; };
		CC76B3E925B5D1D400AD405E /* DiedOutSection.swift in Sources */ = {isa = PBXBuildFile; fileRef = CC76B3E825B5D1D400AD405E /* DiedOutSection.swift */; };
/* End PBXBuildFile section */

/* Begin PBXContainerItemProxy section */
		CC5FE38925B59CE800DC76DC /* PBXContainerItemProxy */ = {
			isa = PBXContainerItemProxy;
			containerPortal = CC5FE36A25B59CE400DC76DC /* Project object */;
			proxyType = 1;
			remoteGlobalIDString = CC5FE37125B59CE400DC76DC;
			remoteInfo = GotTest;
		};
		CC5FE39425B59CE800DC76DC /* PBXContainerItemProxy */ = {
			isa = PBXContainerItemProxy;
			containerPortal = CC5FE36A25B59CE400DC76DC /* Project object */;
			proxyType = 1;
			remoteGlobalIDString = CC5FE37125B59CE400DC76DC;
			remoteInfo = GotTest;
		};
/* End PBXContainerItemProxy section */

/* Begin PBXFileReference section */
		6E96F46A25CEB91C009563E6 /* SingleHouseLoadingView.swift */ = {isa = PBXFileReference; lastKnownFileType = sourcecode.swift; path = SingleHouseLoadingView.swift; sourceTree = "<group>"; };
		6EFD046525B62A7A0049D482 /* FounderSection.swift */ = {isa = PBXFileReference; lastKnownFileType = sourcecode.swift; path = FounderSection.swift; sourceTree = "<group>"; };
		6EFD046A25B62AE40049D482 /* FoundedSection.swift */ = {isa = PBXFileReference; lastKnownFileType = sourcecode.swift; path = FoundedSection.swift; sourceTree = "<group>"; };
		6EFD046F25B62B1A0049D482 /* OverlordHouseSection.swift */ = {isa = PBXFileReference; lastKnownFileType = sourcecode.swift; path = OverlordHouseSection.swift; sourceTree = "<group>"; };
		6EFD047425B62B5B0049D482 /* CurrentLordSection.swift */ = {isa = PBXFileReference; lastKnownFileType = sourcecode.swift; path = CurrentLordSection.swift; sourceTree = "<group>"; };
		6EFD047925B62B910049D482 /* SeatsSection.swift */ = {isa = PBXFileReference; lastKnownFileType = sourcecode.swift; path = SeatsSection.swift; sourceTree = "<group>"; };
		6EFD047E25B62BC90049D482 /* TitlesSection.swift */ = {isa = PBXFileReference; lastKnownFileType = sourcecode.swift; path = TitlesSection.swift; sourceTree = "<group>"; };
		6EFD048325B62BF30049D482 /* HouseMottoSection.swift */ = {isa = PBXFileReference; lastKnownFileType = sourcecode.swift; path = HouseMottoSection.swift; sourceTree = "<group>"; };
		6EFD048825B62C2B0049D482 /* CoatOfArmsSection.swift */ = {isa = PBXFileReference; lastKnownFileType = sourcecode.swift; path = CoatOfArmsSection.swift; sourceTree = "<group>"; };
		6EFD048E25B62C780049D482 /* HouseNameAndTitle.swift */ = {isa = PBXFileReference; lastKnownFileType = sourcecode.swift; path = HouseNameAndTitle.swift; sourceTree = "<group>"; };
		6EFD04A825B650890049D482 /* CharacterView.swift */ = {isa = PBXFileReference; lastKnownFileType = sourcecode.swift; path = CharacterView.swift; sourceTree = "<group>"; };
		6EFD04B225B654570049D482 /* CurrentHeirSection.swift */ = {isa = PBXFileReference; lastKnownFileType = sourcecode.swift; path = CurrentHeirSection.swift; sourceTree = "<group>"; };
		6EFD04BA25B662000049D482 /* HouseUpdated.swift */ = {isa = PBXFileReference; lastKnownFileType = sourcecode.swift; path = HouseUpdated.swift; sourceTree = "<group>"; };
		CC123D8925BED47D0068E99E /* StringExtensionTests.swift */ = {isa = PBXFileReference; lastKnownFileType = sourcecode.swift; path = StringExtensionTests.swift; sourceTree = "<group>"; };
		CC356BFB25B864D500123558 /* SingleHouseViewModel.swift */ = {isa = PBXFileReference; lastKnownFileType = sourcecode.swift; path = SingleHouseViewModel.swift; sourceTree = "<group>"; };
		CC356C2825B8735600123558 /* ButtonStyle.swift */ = {isa = PBXFileReference; lastKnownFileType = sourcecode.swift; path = ButtonStyle.swift; sourceTree = "<group>"; };
		CC5FE37225B59CE400DC76DC /* GotTest.app */ = {isa = PBXFileReference; explicitFileType = wrapper.application; includeInIndex = 0; path = GotTest.app; sourceTree = BUILT_PRODUCTS_DIR; };
		CC5FE37525B59CE400DC76DC /* AppDelegate.swift */ = {isa = PBXFileReference; lastKnownFileType = sourcecode.swift; path = AppDelegate.swift; sourceTree = "<group>"; };
		CC5FE37725B59CE400DC76DC /* SceneDelegate.swift */ = {isa = PBXFileReference; lastKnownFileType = sourcecode.swift; path = SceneDelegate.swift; sourceTree = "<group>"; };
		CC5FE37925B59CE400DC76DC /* AllHousesView.swift */ = {isa = PBXFileReference; lastKnownFileType = sourcecode.swift; path = AllHousesView.swift; sourceTree = "<group>"; };
		CC5FE37B25B59CE800DC76DC /* Assets.xcassets */ = {isa = PBXFileReference; lastKnownFileType = folder.assetcatalog; path = Assets.xcassets; sourceTree = "<group>"; };
		CC5FE37E25B59CE800DC76DC /* Preview Assets.xcassets */ = {isa = PBXFileReference; lastKnownFileType = folder.assetcatalog; path = "Preview Assets.xcassets"; sourceTree = "<group>"; };
		CC5FE38125B59CE800DC76DC /* Base */ = {isa = PBXFileReference; lastKnownFileType = file.storyboard; name = Base; path = Base.lproj/LaunchScreen.storyboard; sourceTree = "<group>"; };
		CC5FE38325B59CE800DC76DC /* Info.plist */ = {isa = PBXFileReference; lastKnownFileType = text.plist.xml; path = Info.plist; sourceTree = "<group>"; };
		CC5FE38825B59CE800DC76DC /* GotTestTests.xctest */ = {isa = PBXFileReference; explicitFileType = wrapper.cfbundle; includeInIndex = 0; path = GotTestTests.xctest; sourceTree = BUILT_PRODUCTS_DIR; };
		CC5FE38C25B59CE800DC76DC /* HouseBasicTests.swift */ = {isa = PBXFileReference; lastKnownFileType = sourcecode.swift; path = HouseBasicTests.swift; sourceTree = "<group>"; };
		CC5FE38E25B59CE800DC76DC /* Info.plist */ = {isa = PBXFileReference; lastKnownFileType = text.plist.xml; path = Info.plist; sourceTree = "<group>"; };
		CC5FE39325B59CE800DC76DC /* GotTestUITests.xctest */ = {isa = PBXFileReference; explicitFileType = wrapper.cfbundle; includeInIndex = 0; path = GotTestUITests.xctest; sourceTree = BUILT_PRODUCTS_DIR; };
		CC5FE39725B59CE800DC76DC /* GotTestUITests.swift */ = {isa = PBXFileReference; lastKnownFileType = sourcecode.swift; path = GotTestUITests.swift; sourceTree = "<group>"; };
		CC5FE39925B59CE800DC76DC /* Info.plist */ = {isa = PBXFileReference; lastKnownFileType = text.plist.xml; path = Info.plist; sourceTree = "<group>"; };
		CC5FE3A825B59D0E00DC76DC /* Api.swift */ = {isa = PBXFileReference; lastKnownFileType = sourcecode.swift; path = Api.swift; sourceTree = "<group>"; };
		CC5FE3B525B5A14700DC76DC /* SingleHouseView.swift */ = {isa = PBXFileReference; lastKnownFileType = sourcecode.swift; path = SingleHouseView.swift; sourceTree = "<group>"; };
		CC5FE3C025B5A94A00DC76DC /* HouseBasic.swift */ = {isa = PBXFileReference; lastKnownFileType = sourcecode.swift; path = HouseBasic.swift; sourceTree = "<group>"; };
		CC5FE3C525B5A97900DC76DC /* MockClasses.swift */ = {isa = PBXFileReference; lastKnownFileType = sourcecode.swift; path = MockClasses.swift; sourceTree = "<group>"; };
		CC76B35325B5B53200AD405E /* AllHousesViewModel.swift */ = {isa = PBXFileReference; lastKnownFileType = sourcecode.swift; path = AllHousesViewModel.swift; sourceTree = "<group>"; };
		CC76B35B25B5B65F00AD405E /* SearchSpinnerView.swift */ = {isa = PBXFileReference; lastKnownFileType = sourcecode.swift; path = SearchSpinnerView.swift; sourceTree = "<group>"; };
		CC76B36025B5B6D500AD405E /* String-Extension.swift */ = {isa = PBXFileReference; lastKnownFileType = sourcecode.swift; path = "String-Extension.swift"; sourceTree = "<group>"; };
		CC76B3BD25B5C9A800AD405E /* Character.swift */ = {isa = PBXFileReference; lastKnownFileType = sourcecode.swift; path = Character.swift; sourceTree = "<group>"; };
		CC76B3D225B5CF7F00AD405E /* SwornMembersSection.swift */ = {isa = PBXFileReference; lastKnownFileType = sourcecode.swift; name = SwornMembersSection.swift; path = GotTest/Views/SingleHouseView/Elements/SwornMembersSection.swift; sourceTree = SOURCE_ROOT; };
		CC76B3DE25B5D12F00AD405E /* CadetBranchesSection.swift */ = {isa = PBXFileReference; lastKnownFileType = sourcecode.swift; path = CadetBranchesSection.swift; sourceTree = "<group>"; };
		CC76B3E325B5D16E00AD405E /* AncestralWeaponsSection.swift */ = {isa = PBXFileReference; lastKnownFileType = sourcecode.swift; name = AncestralWeaponsSection.swift; path = GotTest/Views/SingleHouseView/Elements/AncestralWeaponsSection.swift; sourceTree = SOURCE_ROOT; };
		CC76B3E825B5D1D400AD405E /* DiedOutSection.swift */ = {isa = PBXFileReference; lastKnownFileType = sourcecode.swift; path = DiedOutSection.swift; sourceTree = "<group>"; };
/* End PBXFileReference section */

/* Begin PBXFrameworksBuildPhase section */
		CC5FE36F25B59CE400DC76DC /* Frameworks */ = {
			isa = PBXFrameworksBuildPhase;
			buildActionMask = 2147483647;
			files = (
			);
			runOnlyForDeploymentPostprocessing = 0;
		};
		CC5FE38525B59CE800DC76DC /* Frameworks */ = {
			isa = PBXFrameworksBuildPhase;
			buildActionMask = 2147483647;
			files = (
			);
			runOnlyForDeploymentPostprocessing = 0;
		};
		CC5FE39025B59CE800DC76DC /* Frameworks */ = {
			isa = PBXFrameworksBuildPhase;
			buildActionMask = 2147483647;
			files = (
			);
			runOnlyForDeploymentPostprocessing = 0;
		};
/* End PBXFrameworksBuildPhase section */

/* Begin PBXGroup section */
		6EFD04AE25B653760049D482 /* CharacterView */ = {
			isa = PBXGroup;
			children = (
				6EFD04A825B650890049D482 /* CharacterView.swift */,
			);
			path = CharacterView;
			sourceTree = "<group>";
		};
		CC356C0025B8656D00123558 /* ViewModel */ = {
			isa = PBXGroup;
			children = (
				CC356BFB25B864D500123558 /* SingleHouseViewModel.swift */,
			);
			path = ViewModel;
			sourceTree = "<group>";
		};
		CC5FE36925B59CE400DC76DC = {
			isa = PBXGroup;
			children = (
				CC5FE37425B59CE400DC76DC /* GotTest */,
				CC5FE38B25B59CE800DC76DC /* GotTestTests */,
				CC5FE39625B59CE800DC76DC /* GotTestUITests */,
				CC5FE37325B59CE400DC76DC /* Products */,
			);
			sourceTree = "<group>";
		};
		CC5FE37325B59CE400DC76DC /* Products */ = {
			isa = PBXGroup;
			children = (
				CC5FE37225B59CE400DC76DC /* GotTest.app */,
				CC5FE38825B59CE800DC76DC /* GotTestTests.xctest */,
				CC5FE39325B59CE800DC76DC /* GotTestUITests.xctest */,
			);
			name = Products;
			sourceTree = "<group>";
		};
		CC5FE37425B59CE400DC76DC /* GotTest */ = {
			isa = PBXGroup;
			children = (
				CC5FE37525B59CE400DC76DC /* AppDelegate.swift */,
				CC5FE37725B59CE400DC76DC /* SceneDelegate.swift */,
				CC76B34E25B5B34700AD405E /* Api */,
				CC76B36E25B5BB7800AD405E /* Extensions */,
				CC76B34D25B5B33500AD405E /* MockClasses */,
				CC76B34225B5B32100AD405E /* Models */,
				CC5FE37D25B59CE800DC76DC /* Preview Content */,
				CC76B35225B5B36A00AD405E /* SupportingFiles */,
				CC76B34625B5B32E00AD405E /* Views */,
			);
			path = GotTest;
			sourceTree = "<group>";
		};
		CC5FE37D25B59CE800DC76DC /* Preview Content */ = {
			isa = PBXGroup;
			children = (
				CC5FE37E25B59CE800DC76DC /* Preview Assets.xcassets */,
			);
			path = "Preview Content";
			sourceTree = "<group>";
		};
		CC5FE38B25B59CE800DC76DC /* GotTestTests */ = {
			isa = PBXGroup;
			children = (
				CC5FE38C25B59CE800DC76DC /* HouseBasicTests.swift */,
				CC123D8925BED47D0068E99E /* StringExtensionTests.swift */,
				CC5FE38E25B59CE800DC76DC /* Info.plist */,
			);
			path = GotTestTests;
			sourceTree = "<group>";
		};
		CC5FE39625B59CE800DC76DC /* GotTestUITests */ = {
			isa = PBXGroup;
			children = (
				CC5FE39725B59CE800DC76DC /* GotTestUITests.swift */,
				CC5FE39925B59CE800DC76DC /* Info.plist */,
			);
			path = GotTestUITests;
			sourceTree = "<group>";
		};
		CC76B34225B5B32100AD405E /* Models */ = {
			isa = PBXGroup;
			children = (
				CC76B3BD25B5C9A800AD405E /* Character.swift */,
				CC5FE3C025B5A94A00DC76DC /* HouseBasic.swift */,
				6EFD04BA25B662000049D482 /* HouseUpdated.swift */,
			);
			path = Models;
			sourceTree = "<group>";
		};
		CC76B34625B5B32E00AD405E /* Views */ = {
			isa = PBXGroup;
			children = (
				CC76B39725B5C2DE00AD405E /* AllHousesView */,
				6EFD04AE25B653760049D482 /* CharacterView */,
				CC76B39325B5C2D300AD405E /* ModularViews */,
				CC76B3C525B5CCC400AD405E /* SingleHouseView */,
			);
			path = Views;
			sourceTree = "<group>";
		};
		CC76B34D25B5B33500AD405E /* MockClasses */ = {
			isa = PBXGroup;
			children = (
				CC5FE3C525B5A97900DC76DC /* MockClasses.swift */,
			);
			path = MockClasses;
			sourceTree = "<group>";
		};
		CC76B34E25B5B34700AD405E /* Api */ = {
			isa = PBXGroup;
			children = (
				CC5FE3A825B59D0E00DC76DC /* Api.swift */,
			);
			path = Api;
			sourceTree = "<group>";
		};
		CC76B35225B5B36A00AD405E /* SupportingFiles */ = {
			isa = PBXGroup;
			children = (
				CC5FE38325B59CE800DC76DC /* Info.plist */,
				CC5FE37B25B59CE800DC76DC /* Assets.xcassets */,
				CC5FE38025B59CE800DC76DC /* LaunchScreen.storyboard */,
			);
			path = SupportingFiles;
			sourceTree = "<group>";
		};
		CC76B36E25B5BB7800AD405E /* Extensions */ = {
			isa = PBXGroup;
			children = (
				CC76B36025B5B6D500AD405E /* String-Extension.swift */,
			);
			path = Extensions;
			sourceTree = "<group>";
		};
		CC76B39325B5C2D300AD405E /* ModularViews */ = {
			isa = PBXGroup;
			children = (
				CC356C2825B8735600123558 /* ButtonStyle.swift */,
				CC76B35B25B5B65F00AD405E /* SearchSpinnerView.swift */,
			);
			path = ModularViews;
			sourceTree = "<group>";
		};
		CC76B39725B5C2DE00AD405E /* AllHousesView */ = {
			isa = PBXGroup;
			children = (
				CC5FE37925B59CE400DC76DC /* AllHousesView.swift */,
				CC76B39F25B5C2F200AD405E /* ViewModel */,
			);
			path = AllHousesView;
			sourceTree = "<group>";
		};
		CC76B39F25B5C2F200AD405E /* ViewModel */ = {
			isa = PBXGroup;
			children = (
				CC76B35325B5B53200AD405E /* AllHousesViewModel.swift */,
			);
			path = ViewModel;
			sourceTree = "<group>";
		};
		CC76B3C525B5CCC400AD405E /* SingleHouseView */ = {
			isa = PBXGroup;
			children = (
				6E96F46A25CEB91C009563E6 /* SingleHouseLoadingView.swift */,
				CC5FE3B525B5A14700DC76DC /* SingleHouseView.swift */,
				CC76B3DA25B5D10700AD405E /* Elements */,
				CC356C0025B8656D00123558 /* ViewModel */,
			);
			path = SingleHouseView;
			sourceTree = "<group>";
		};
		CC76B3DA25B5D10700AD405E /* Elements */ = {
			isa = PBXGroup;
			children = (
				CC76B3E325B5D16E00AD405E /* AncestralWeaponsSection.swift */,
				CC76B3DE25B5D12F00AD405E /* CadetBranchesSection.swift */,
				6EFD048825B62C2B0049D482 /* CoatOfArmsSection.swift */,
				6EFD04B225B654570049D482 /* CurrentHeirSection.swift */,
				6EFD047425B62B5B0049D482 /* CurrentLordSection.swift */,
				CC76B3E825B5D1D400AD405E /* DiedOutSection.swift */,
				6EFD046A25B62AE40049D482 /* FoundedSection.swift */,
				6EFD046525B62A7A0049D482 /* FounderSection.swift */,
				6EFD048325B62BF30049D482 /* HouseMottoSection.swift */,
				6EFD048E25B62C780049D482 /* HouseNameAndTitle.swift */,
				6EFD046F25B62B1A0049D482 /* OverlordHouseSection.swift */,
				6EFD047925B62B910049D482 /* SeatsSection.swift */,
				CC76B3D225B5CF7F00AD405E /* SwornMembersSection.swift */,
				6EFD047E25B62BC90049D482 /* TitlesSection.swift */,
			);
			path = Elements;
			sourceTree = "<group>";
		};
/* End PBXGroup section */

/* Begin PBXNativeTarget section */
		CC5FE37125B59CE400DC76DC /* GotTest */ = {
			isa = PBXNativeTarget;
			buildConfigurationList = CC5FE39C25B59CE800DC76DC /* Build configuration list for PBXNativeTarget "GotTest" */;
			buildPhases = (
				CC5FE36E25B59CE400DC76DC /* Sources */,
				CC5FE36F25B59CE400DC76DC /* Frameworks */,
				CC5FE37025B59CE400DC76DC /* Resources */,
			);
			buildRules = (
			);
			dependencies = (
			);
			name = GotTest;
			productName = GotTest;
			productReference = CC5FE37225B59CE400DC76DC /* GotTest.app */;
			productType = "com.apple.product-type.application";
		};
		CC5FE38725B59CE800DC76DC /* GotTestTests */ = {
			isa = PBXNativeTarget;
			buildConfigurationList = CC5FE39F25B59CE800DC76DC /* Build configuration list for PBXNativeTarget "GotTestTests" */;
			buildPhases = (
				CC5FE38425B59CE800DC76DC /* Sources */,
				CC5FE38525B59CE800DC76DC /* Frameworks */,
				CC5FE38625B59CE800DC76DC /* Resources */,
			);
			buildRules = (
			);
			dependencies = (
				CC5FE38A25B59CE800DC76DC /* PBXTargetDependency */,
			);
			name = GotTestTests;
			productName = GotTestTests;
			productReference = CC5FE38825B59CE800DC76DC /* GotTestTests.xctest */;
			productType = "com.apple.product-type.bundle.unit-test";
		};
		CC5FE39225B59CE800DC76DC /* GotTestUITests */ = {
			isa = PBXNativeTarget;
			buildConfigurationList = CC5FE3A225B59CE800DC76DC /* Build configuration list for PBXNativeTarget "GotTestUITests" */;
			buildPhases = (
				CC5FE38F25B59CE800DC76DC /* Sources */,
				CC5FE39025B59CE800DC76DC /* Frameworks */,
				CC5FE39125B59CE800DC76DC /* Resources */,
			);
			buildRules = (
			);
			dependencies = (
				CC5FE39525B59CE800DC76DC /* PBXTargetDependency */,
			);
			name = GotTestUITests;
			productName = GotTestUITests;
			productReference = CC5FE39325B59CE800DC76DC /* GotTestUITests.xctest */;
			productType = "com.apple.product-type.bundle.ui-testing";
		};
/* End PBXNativeTarget section */

/* Begin PBXProject section */
		CC5FE36A25B59CE400DC76DC /* Project object */ = {
			isa = PBXProject;
			attributes = {
				LastSwiftUpdateCheck = 1230;
				LastUpgradeCheck = 1230;
				TargetAttributes = {
					CC5FE37125B59CE400DC76DC = {
						CreatedOnToolsVersion = 12.3;
					};
					CC5FE38725B59CE800DC76DC = {
						CreatedOnToolsVersion = 12.3;
						TestTargetID = CC5FE37125B59CE400DC76DC;
					};
					CC5FE39225B59CE800DC76DC = {
						CreatedOnToolsVersion = 12.3;
						TestTargetID = CC5FE37125B59CE400DC76DC;
					};
				};
			};
			buildConfigurationList = CC5FE36D25B59CE400DC76DC /* Build configuration list for PBXProject "GotTest" */;
			compatibilityVersion = "Xcode 9.3";
			developmentRegion = en;
			hasScannedForEncodings = 0;
			knownRegions = (
				en,
				Base,
			);
			mainGroup = CC5FE36925B59CE400DC76DC;
			productRefGroup = CC5FE37325B59CE400DC76DC /* Products */;
			projectDirPath = "";
			projectRoot = "";
			targets = (
				CC5FE37125B59CE400DC76DC /* GotTest */,
				CC5FE38725B59CE800DC76DC /* GotTestTests */,
				CC5FE39225B59CE800DC76DC /* GotTestUITests */,
			);
		};
/* End PBXProject section */

/* Begin PBXResourcesBuildPhase section */
		CC5FE37025B59CE400DC76DC /* Resources */ = {
			isa = PBXResourcesBuildPhase;
			buildActionMask = 2147483647;
			files = (
				CC5FE38225B59CE800DC76DC /* LaunchScreen.storyboard in Resources */,
				CC5FE37F25B59CE800DC76DC /* Preview Assets.xcassets in Resources */,
				CC5FE37C25B59CE800DC76DC /* Assets.xcassets in Resources */,
			);
			runOnlyForDeploymentPostprocessing = 0;
		};
		CC5FE38625B59CE800DC76DC /* Resources */ = {
			isa = PBXResourcesBuildPhase;
			buildActionMask = 2147483647;
			files = (
			);
			runOnlyForDeploymentPostprocessing = 0;
		};
		CC5FE39125B59CE800DC76DC /* Resources */ = {
			isa = PBXResourcesBuildPhase;
			buildActionMask = 2147483647;
			files = (
			);
			runOnlyForDeploymentPostprocessing = 0;
		};
/* End PBXResourcesBuildPhase section */

/* Begin PBXSourcesBuildPhase section */
		CC5FE36E25B59CE400DC76DC /* Sources */ = {
			isa = PBXSourcesBuildPhase;
			buildActionMask = 2147483647;
			files = (
				6E96F46B25CEB91C009563E6 /* SingleHouseLoadingView.swift in Sources */,
				CC76B3E425B5D16E00AD405E /* AncestralWeaponsSection.swift in Sources */,
				6EFD048425B62BF30049D482 /* HouseMottoSection.swift in Sources */,
				CC5FE3C125B5A94A00DC76DC /* HouseBasic.swift in Sources */,
				CC356C2925B8735600123558 /* ButtonStyle.swift in Sources */,
				6EFD047F25B62BC90049D482 /* TitlesSection.swift in Sources */,
				6EFD04A925B650890049D482 /* CharacterView.swift in Sources */,
				CC5FE3B625B5A14700DC76DC /* SingleHouseView.swift in Sources */,
				CC76B3DF25B5D12F00AD405E /* CadetBranchesSection.swift in Sources */,
				6EFD046B25B62AE40049D482 /* FoundedSection.swift in Sources */,
				CC76B3BE25B5C9A800AD405E /* Character.swift in Sources */,
				CC76B3E925B5D1D400AD405E /* DiedOutSection.swift in Sources */,
				CC356BFC25B864D500123558 /* SingleHouseViewModel.swift in Sources */,
				6EFD048925B62C2B0049D482 /* CoatOfArmsSection.swift in Sources */,
				6EFD047525B62B5B0049D482 /* CurrentLordSection.swift in Sources */,
				CC5FE37625B59CE400DC76DC /* AppDelegate.swift in Sources */,
				CC5FE3C625B5A97900DC76DC /* MockClasses.swift in Sources */,
				CC76B36125B5B6D500AD405E /* String-Extension.swift in Sources */,
				6EFD048F25B62C780049D482 /* HouseNameAndTitle.swift in Sources */,
				CC76B35425B5B53200AD405E /* AllHousesViewModel.swift in Sources */,
				6EFD04B325B654570049D482 /* CurrentHeirSection.swift in Sources */,
				CC5FE37825B59CE400DC76DC /* SceneDelegate.swift in Sources */,
				CC76B35C25B5B65F00AD405E /* SearchSpinnerView.swift in Sources */,
				CC76B3D325B5CF7F00AD405E /* SwornMembersSection.swift in Sources */,
				6EFD046625B62A7A0049D482 /* FounderSection.swift in Sources */,
				6EFD047A25B62B910049D482 /* SeatsSection.swift in Sources */,
				6EFD04BB25B662000049D482 /* HouseUpdated.swift in Sources */,
				CC5FE3A925B59D0E00DC76DC /* Api.swift in Sources */,
				6EFD047025B62B1A0049D482 /* OverlordHouseSection.swift in Sources */,
				CC5FE37A25B59CE400DC76DC /* AllHousesView.swift in Sources */,
			);
			runOnlyForDeploymentPostprocessing = 0;
		};
		CC5FE38425B59CE800DC76DC /* Sources */ = {
			isa = PBXSourcesBuildPhase;
			buildActionMask = 2147483647;
			files = (
				CC123D8A25BED47D0068E99E /* StringExtensionTests.swift in Sources */,
				CC5FE38D25B59CE800DC76DC /* HouseBasicTests.swift in Sources */,
			);
			runOnlyForDeploymentPostprocessing = 0;
		};
		CC5FE38F25B59CE800DC76DC /* Sources */ = {
			isa = PBXSourcesBuildPhase;
			buildActionMask = 2147483647;
			files = (
				CC5FE39825B59CE800DC76DC /* GotTestUITests.swift in Sources */,
			);
			runOnlyForDeploymentPostprocessing = 0;
		};
/* End PBXSourcesBuildPhase section */

/* Begin PBXTargetDependency section */
		CC5FE38A25B59CE800DC76DC /* PBXTargetDependency */ = {
			isa = PBXTargetDependency;
			target = CC5FE37125B59CE400DC76DC /* GotTest */;
			targetProxy = CC5FE38925B59CE800DC76DC /* PBXContainerItemProxy */;
		};
		CC5FE39525B59CE800DC76DC /* PBXTargetDependency */ = {
			isa = PBXTargetDependency;
			target = CC5FE37125B59CE400DC76DC /* GotTest */;
			targetProxy = CC5FE39425B59CE800DC76DC /* PBXContainerItemProxy */;
		};
/* End PBXTargetDependency section */

/* Begin PBXVariantGroup section */
		CC5FE38025B59CE800DC76DC /* LaunchScreen.storyboard */ = {
			isa = PBXVariantGroup;
			children = (
				CC5FE38125B59CE800DC76DC /* Base */,
			);
			name = LaunchScreen.storyboard;
			sourceTree = "<group>";
		};
/* End PBXVariantGroup section */

/* Begin XCBuildConfiguration section */
		CC5FE39A25B59CE800DC76DC /* Debug */ = {
			isa = XCBuildConfiguration;
			buildSettings = {
				ALWAYS_SEARCH_USER_PATHS = NO;
				CLANG_ANALYZER_NONNULL = YES;
				CLANG_ANALYZER_NUMBER_OBJECT_CONVERSION = YES_AGGRESSIVE;
				CLANG_CXX_LANGUAGE_STANDARD = "gnu++14";
				CLANG_CXX_LIBRARY = "libc++";
				CLANG_ENABLE_MODULES = YES;
				CLANG_ENABLE_OBJC_ARC = YES;
				CLANG_ENABLE_OBJC_WEAK = YES;
				CLANG_WARN_BLOCK_CAPTURE_AUTORELEASING = YES;
				CLANG_WARN_BOOL_CONVERSION = YES;
				CLANG_WARN_COMMA = YES;
				CLANG_WARN_CONSTANT_CONVERSION = YES;
				CLANG_WARN_DEPRECATED_OBJC_IMPLEMENTATIONS = YES;
				CLANG_WARN_DIRECT_OBJC_ISA_USAGE = YES_ERROR;
				CLANG_WARN_DOCUMENTATION_COMMENTS = YES;
				CLANG_WARN_EMPTY_BODY = YES;
				CLANG_WARN_ENUM_CONVERSION = YES;
				CLANG_WARN_INFINITE_RECURSION = YES;
				CLANG_WARN_INT_CONVERSION = YES;
				CLANG_WARN_NON_LITERAL_NULL_CONVERSION = YES;
				CLANG_WARN_OBJC_IMPLICIT_RETAIN_SELF = YES;
				CLANG_WARN_OBJC_LITERAL_CONVERSION = YES;
				CLANG_WARN_OBJC_ROOT_CLASS = YES_ERROR;
				CLANG_WARN_QUOTED_INCLUDE_IN_FRAMEWORK_HEADER = YES;
				CLANG_WARN_RANGE_LOOP_ANALYSIS = YES;
				CLANG_WARN_STRICT_PROTOTYPES = YES;
				CLANG_WARN_SUSPICIOUS_MOVE = YES;
				CLANG_WARN_UNGUARDED_AVAILABILITY = YES_AGGRESSIVE;
				CLANG_WARN_UNREACHABLE_CODE = YES;
				CLANG_WARN__DUPLICATE_METHOD_MATCH = YES;
				COPY_PHASE_STRIP = NO;
				DEBUG_INFORMATION_FORMAT = dwarf;
				ENABLE_STRICT_OBJC_MSGSEND = YES;
				ENABLE_TESTABILITY = YES;
				GCC_C_LANGUAGE_STANDARD = gnu11;
				GCC_DYNAMIC_NO_PIC = NO;
				GCC_NO_COMMON_BLOCKS = YES;
				GCC_OPTIMIZATION_LEVEL = 0;
				GCC_PREPROCESSOR_DEFINITIONS = (
					"DEBUG=1",
					"$(inherited)",
				);
				GCC_WARN_64_TO_32_BIT_CONVERSION = YES;
				GCC_WARN_ABOUT_RETURN_TYPE = YES_ERROR;
				GCC_WARN_UNDECLARED_SELECTOR = YES;
				GCC_WARN_UNINITIALIZED_AUTOS = YES_AGGRESSIVE;
				GCC_WARN_UNUSED_FUNCTION = YES;
				GCC_WARN_UNUSED_VARIABLE = YES;
				IPHONEOS_DEPLOYMENT_TARGET = 14.3;
				MTL_ENABLE_DEBUG_INFO = INCLUDE_SOURCE;
				MTL_FAST_MATH = YES;
				ONLY_ACTIVE_ARCH = YES;
				SDKROOT = iphoneos;
				SWIFT_ACTIVE_COMPILATION_CONDITIONS = DEBUG;
				SWIFT_OPTIMIZATION_LEVEL = "-Onone";
			};
			name = Debug;
		};
		CC5FE39B25B59CE800DC76DC /* Release */ = {
			isa = XCBuildConfiguration;
			buildSettings = {
				ALWAYS_SEARCH_USER_PATHS = NO;
				CLANG_ANALYZER_NONNULL = YES;
				CLANG_ANALYZER_NUMBER_OBJECT_CONVERSION = YES_AGGRESSIVE;
				CLANG_CXX_LANGUAGE_STANDARD = "gnu++14";
				CLANG_CXX_LIBRARY = "libc++";
				CLANG_ENABLE_MODULES = YES;
				CLANG_ENABLE_OBJC_ARC = YES;
				CLANG_ENABLE_OBJC_WEAK = YES;
				CLANG_WARN_BLOCK_CAPTURE_AUTORELEASING = YES;
				CLANG_WARN_BOOL_CONVERSION = YES;
				CLANG_WARN_COMMA = YES;
				CLANG_WARN_CONSTANT_CONVERSION = YES;
				CLANG_WARN_DEPRECATED_OBJC_IMPLEMENTATIONS = YES;
				CLANG_WARN_DIRECT_OBJC_ISA_USAGE = YES_ERROR;
				CLANG_WARN_DOCUMENTATION_COMMENTS = YES;
				CLANG_WARN_EMPTY_BODY = YES;
				CLANG_WARN_ENUM_CONVERSION = YES;
				CLANG_WARN_INFINITE_RECURSION = YES;
				CLANG_WARN_INT_CONVERSION = YES;
				CLANG_WARN_NON_LITERAL_NULL_CONVERSION = YES;
				CLANG_WARN_OBJC_IMPLICIT_RETAIN_SELF = YES;
				CLANG_WARN_OBJC_LITERAL_CONVERSION = YES;
				CLANG_WARN_OBJC_ROOT_CLASS = YES_ERROR;
				CLANG_WARN_QUOTED_INCLUDE_IN_FRAMEWORK_HEADER = YES;
				CLANG_WARN_RANGE_LOOP_ANALYSIS = YES;
				CLANG_WARN_STRICT_PROTOTYPES = YES;
				CLANG_WARN_SUSPICIOUS_MOVE = YES;
				CLANG_WARN_UNGUARDED_AVAILABILITY = YES_AGGRESSIVE;
				CLANG_WARN_UNREACHABLE_CODE = YES;
				CLANG_WARN__DUPLICATE_METHOD_MATCH = YES;
				COPY_PHASE_STRIP = NO;
				DEBUG_INFORMATION_FORMAT = "dwarf-with-dsym";
				ENABLE_NS_ASSERTIONS = NO;
				ENABLE_STRICT_OBJC_MSGSEND = YES;
				GCC_C_LANGUAGE_STANDARD = gnu11;
				GCC_NO_COMMON_BLOCKS = YES;
				GCC_WARN_64_TO_32_BIT_CONVERSION = YES;
				GCC_WARN_ABOUT_RETURN_TYPE = YES_ERROR;
				GCC_WARN_UNDECLARED_SELECTOR = YES;
				GCC_WARN_UNINITIALIZED_AUTOS = YES_AGGRESSIVE;
				GCC_WARN_UNUSED_FUNCTION = YES;
				GCC_WARN_UNUSED_VARIABLE = YES;
				IPHONEOS_DEPLOYMENT_TARGET = 14.3;
				MTL_ENABLE_DEBUG_INFO = NO;
				MTL_FAST_MATH = YES;
				SDKROOT = iphoneos;
				SWIFT_COMPILATION_MODE = wholemodule;
				SWIFT_OPTIMIZATION_LEVEL = "-O";
				VALIDATE_PRODUCT = YES;
			};
			name = Release;
		};
		CC5FE39D25B59CE800DC76DC /* Debug */ = {
			isa = XCBuildConfiguration;
			buildSettings = {
				ASSETCATALOG_COMPILER_APPICON_NAME = AppIcon;
				ASSETCATALOG_COMPILER_GLOBAL_ACCENT_COLOR_NAME = AccentColor;
				CODE_SIGN_STYLE = Automatic;
				DEVELOPMENT_ASSET_PATHS = "\"GotTest/Preview Content\"";
				DEVELOPMENT_TEAM = QDUTEX33CU;
				ENABLE_PREVIEWS = YES;
				INFOPLIST_FILE = GotTest/SupportingFiles/Info.plist;
				LD_RUNPATH_SEARCH_PATHS = (
					"$(inherited)",
					"@executable_path/Frameworks",
				);
				PRODUCT_BUNDLE_IDENTIFIER = com.GotTest.matthiaszarzecki;
				PRODUCT_NAME = "$(TARGET_NAME)";
				SWIFT_VERSION = 5.0;
				TARGETED_DEVICE_FAMILY = "1,2";
			};
			name = Debug;
		};
		CC5FE39E25B59CE800DC76DC /* Release */ = {
			isa = XCBuildConfiguration;
			buildSettings = {
				ASSETCATALOG_COMPILER_APPICON_NAME = AppIcon;
				ASSETCATALOG_COMPILER_GLOBAL_ACCENT_COLOR_NAME = AccentColor;
				CODE_SIGN_STYLE = Automatic;
				DEVELOPMENT_ASSET_PATHS = "\"GotTest/Preview Content\"";
				DEVELOPMENT_TEAM = QDUTEX33CU;
				ENABLE_PREVIEWS = YES;
				INFOPLIST_FILE = GotTest/SupportingFiles/Info.plist;
				LD_RUNPATH_SEARCH_PATHS = (
					"$(inherited)",
					"@executable_path/Frameworks",
				);
				PRODUCT_BUNDLE_IDENTIFIER = com.GotTest.matthiaszarzecki;
				PRODUCT_NAME = "$(TARGET_NAME)";
				SWIFT_VERSION = 5.0;
				TARGETED_DEVICE_FAMILY = "1,2";
			};
			name = Release;
		};
		CC5FE3A025B59CE800DC76DC /* Debug */ = {
			isa = XCBuildConfiguration;
			buildSettings = {
				ALWAYS_EMBED_SWIFT_STANDARD_LIBRARIES = YES;
				BUNDLE_LOADER = "$(TEST_HOST)";
				CODE_SIGN_STYLE = Automatic;
				DEVELOPMENT_TEAM = QDUTEX33CU;
				INFOPLIST_FILE = GotTestTests/Info.plist;
				IPHONEOS_DEPLOYMENT_TARGET = 14.3;
				LD_RUNPATH_SEARCH_PATHS = (
					"$(inherited)",
					"@executable_path/Frameworks",
					"@loader_path/Frameworks",
				);
				PRODUCT_BUNDLE_IDENTIFIER = asd.GotTestTests;
				PRODUCT_NAME = "$(TARGET_NAME)";
				SWIFT_VERSION = 5.0;
				TARGETED_DEVICE_FAMILY = "1,2";
				TEST_HOST = "$(BUILT_PRODUCTS_DIR)/GotTest.app/GotTest";
			};
			name = Debug;
		};
		CC5FE3A125B59CE800DC76DC /* Release */ = {
			isa = XCBuildConfiguration;
			buildSettings = {
				ALWAYS_EMBED_SWIFT_STANDARD_LIBRARIES = YES;
				BUNDLE_LOADER = "$(TEST_HOST)";
				CODE_SIGN_STYLE = Automatic;
				DEVELOPMENT_TEAM = QDUTEX33CU;
				INFOPLIST_FILE = GotTestTests/Info.plist;
				IPHONEOS_DEPLOYMENT_TARGET = 14.3;
				LD_RUNPATH_SEARCH_PATHS = (
					"$(inherited)",
					"@executable_path/Frameworks",
					"@loader_path/Frameworks",
				);
				PRODUCT_BUNDLE_IDENTIFIER = asd.GotTestTests;
				PRODUCT_NAME = "$(TARGET_NAME)";
				SWIFT_VERSION = 5.0;
				TARGETED_DEVICE_FAMILY = "1,2";
				TEST_HOST = "$(BUILT_PRODUCTS_DIR)/GotTest.app/GotTest";
			};
			name = Release;
		};
		CC5FE3A325B59CE800DC76DC /* Debug */ = {
			isa = XCBuildConfiguration;
			buildSettings = {
				ALWAYS_EMBED_SWIFT_STANDARD_LIBRARIES = YES;
				CODE_SIGN_STYLE = Automatic;
				DEVELOPMENT_TEAM = QDUTEX33CU;
				INFOPLIST_FILE = GotTestUITests/Info.plist;
				LD_RUNPATH_SEARCH_PATHS = (
					"$(inherited)",
					"@executable_path/Frameworks",
					"@loader_path/Frameworks",
				);
				PRODUCT_BUNDLE_IDENTIFIER = asd.GotTestUITests;
				PRODUCT_NAME = "$(TARGET_NAME)";
				SWIFT_VERSION = 5.0;
				TARGETED_DEVICE_FAMILY = "1,2";
				TEST_TARGET_NAME = GotTest;
			};
			name = Debug;
		};
		CC5FE3A425B59CE800DC76DC /* Release */ = {
			isa = XCBuildConfiguration;
			buildSettings = {
				ALWAYS_EMBED_SWIFT_STANDARD_LIBRARIES = YES;
				CODE_SIGN_STYLE = Automatic;
				DEVELOPMENT_TEAM = QDUTEX33CU;
				INFOPLIST_FILE = GotTestUITests/Info.plist;
				LD_RUNPATH_SEARCH_PATHS = (
					"$(inherited)",
					"@executable_path/Frameworks",
					"@loader_path/Frameworks",
				);
				PRODUCT_BUNDLE_IDENTIFIER = asd.GotTestUITests;
				PRODUCT_NAME = "$(TARGET_NAME)";
				SWIFT_VERSION = 5.0;
				TARGETED_DEVICE_FAMILY = "1,2";
				TEST_TARGET_NAME = GotTest;
			};
			name = Release;
		};
/* End XCBuildConfiguration section */

/* Begin XCConfigurationList section */
		CC5FE36D25B59CE400DC76DC /* Build configuration list for PBXProject "GotTest" */ = {
			isa = XCConfigurationList;
			buildConfigurations = (
				CC5FE39A25B59CE800DC76DC /* Debug */,
				CC5FE39B25B59CE800DC76DC /* Release */,
			);
			defaultConfigurationIsVisible = 0;
			defaultConfigurationName = Release;
		};
		CC5FE39C25B59CE800DC76DC /* Build configuration list for PBXNativeTarget "GotTest" */ = {
			isa = XCConfigurationList;
			buildConfigurations = (
				CC5FE39D25B59CE800DC76DC /* Debug */,
				CC5FE39E25B59CE800DC76DC /* Release */,
			);
			defaultConfigurationIsVisible = 0;
			defaultConfigurationName = Release;
		};
		CC5FE39F25B59CE800DC76DC /* Build configuration list for PBXNativeTarget "GotTestTests" */ = {
			isa = XCConfigurationList;
			buildConfigurations = (
				CC5FE3A025B59CE800DC76DC /* Debug */,
				CC5FE3A125B59CE800DC76DC /* Release */,
			);
			defaultConfigurationIsVisible = 0;
			defaultConfigurationName = Release;
		};
		CC5FE3A225B59CE800DC76DC /* Build configuration list for PBXNativeTarget "GotTestUITests" */ = {
			isa = XCConfigurationList;
			buildConfigurations = (
				CC5FE3A325B59CE800DC76DC /* Debug */,
				CC5FE3A425B59CE800DC76DC /* Release */,
			);
			defaultConfigurationIsVisible = 0;
			defaultConfigurationName = Release;
		};
/* End XCConfigurationList section */
	};
	rootObject = CC5FE36A25B59CE400DC76DC /* Project object */;
}
